
Microsoft Visual Studio Solution File, Format Version 12.00
# Visual Studio Version 16
VisualStudioVersion = 16.0.33423.256
MinimumVisualStudioVersion = 10.0.40219.1
Project("{888888A0-9F3D-457C-B088-3A5042F75D52}") = "task9", "task9.pyproj", "{AD51A00B-5BEF-4BD2-A8FA-C1309303CC5C}"
EndProject
Global
	GlobalSection(SolutionConfigurationPlatforms) = preSolution
		Debug|Any CPU = Debug|Any CPU
		Release|Any CPU = Release|Any CPU
	EndGlobalSection
	GlobalSection(ProjectConfigurationPlatforms) = postSolution
		{AD51A00B-5BEF-4BD2-A8FA-C1309303CC5C}.Debug|Any CPU.ActiveCfg = Debug|Any CPU
		{AD51A00B-5BEF-4BD2-A8FA-C1309303CC5C}.Release|Any CPU.ActiveCfg = Release|Any CPU
	EndGlobalSection
	GlobalSection(SolutionProperties) = preSolution
		HideSolutionNode = FALSE
	EndGlobalSection
	GlobalSection(ExtensibilityGlobals) = postSolution
		SolutionGuid = {B2E54B32-F0F0-485A-B7E8-3BE26AF79D57}
	EndGlobalSection
EndGlobal
